
Microsoft Visual Studio Solution File, Format Version 12.00
# Visual Studio Version 17
VisualStudioVersion = 17.7.34221.43
MinimumVisualStudioVersion = 10.0.40219.1
Project("{9A19103F-16F7-4668-BE54-9A1E7A4F7556}") = "ReRenderingOptions", "ReRenderingOptions.csproj", "{BEE5FD03-C5AE-4C2D-81CA-5CEC1711B7CC}"
EndProject
Global
	GlobalSection(SolutionConfigurationPlatforms) = preSolution
		Debug|Any CPU = Debug|Any CPU
		Release|Any CPU = Release|Any CPU
	EndGlobalSection
	GlobalSection(ProjectConfigurationPlatforms) = postSolution
		{BEE5FD03-C5AE-4C2D-81CA-5CEC1711B7CC}.Debug|Any CPU.ActiveCfg = Debug|Any CPU
		{BEE5FD03-C5AE-4C2D-81CA-5CEC1711B7CC}.Debug|Any CPU.Build.0 = Debug|Any CPU
		{BEE5FD03-C5AE-4C2D-81CA-5CEC1711B7CC}.Release|Any CPU.ActiveCfg = Release|Any CPU
		{BEE5FD03-C5AE-4C2D-81CA-5CEC1711B7CC}.Release|Any CPU.Build.0 = Release|Any CPU
	EndGlobalSection
	GlobalSection(SolutionProperties) = preSolution
		HideSolutionNode = FALSE
	EndGlobalSection
	GlobalSection(ExtensibilityGlobals) = postSolution
		SolutionGuid = {FB613568-E918-44E6-94FD-706162306063}
	EndGlobalSection
EndGlobal
